
Microsoft Visual Studio Solution File, Format Version 12.00
# Visual Studio 2012
Project("{FAE04EC0-301F-11D3-BF4B-00C04F79EFBC}") = "Logos.Git", "src\Logos.Git\Logos.Git.csproj", "{519E9EF0-ACC3-4F22-99B3-11D8354A0AB3}"
EndProject
Project("{2150E333-8FDC-42A3-9474-1A3956D46DE8}") = ".nuget", ".nuget", "{F2FD9A1F-BD51-4F74-A347-35B0736C5EF0}"
	ProjectSection(SolutionItems) = preProject
		.nuget\NuGet.Config = .nuget\NuGet.Config
		.nuget\NuGet.exe = .nuget\NuGet.exe
		.nuget\NuGet.targets = .nuget\NuGet.targets
	EndProjectSection
EndProject
Global
	GlobalSection(SolutionConfigurationPlatforms) = preSolution
		Debug|Any CPU = Debug|Any CPU
		Release|Any CPU = Release|Any CPU
	EndGlobalSection
	GlobalSection(ProjectConfigurationPlatforms) = postSolution
		{519E9EF0-ACC3-4F22-99B3-11D8354A0AB3}.Debug|Any CPU.ActiveCfg = Debug|Any CPU
		{519E9EF0-ACC3-4F22-99B3-11D8354A0AB3}.Debug|Any CPU.Build.0 = Debug|Any CPU
		{519E9EF0-ACC3-4F22-99B3-11D8354A0AB3}.Release|Any CPU.ActiveCfg = Release|Any CPU
		{519E9EF0-ACC3-4F22-99B3-11D8354A0AB3}.Release|Any CPU.Build.0 = Release|Any CPU
	EndGlobalSection
	GlobalSection(SolutionProperties) = preSolution
		HideSolutionNode = FALSE
	EndGlobalSection
EndGlobal
